
Microsoft Visual Studio Solution File, Format Version 12.00
# Visual Studio Version 16
VisualStudioVersion = 16.0.30717.126
MinimumVisualStudioVersion = 10.0.40219.1
Project("{9A19103F-16F7-4668-BE54-9A1E7A4F7556}") = "DemoAspNetCore", "DemoAspNetCore.csproj", "{393DFAB7-7DA2-4D1C-BAFA-22EE68854CC1}"
EndProject
Project("{FAE04EC0-301F-11D3-BF4B-00C04F79EFBC}") = "NUnitTestCurrency", "..\NUnitTestCurrency\NUnitTestCurrency.csproj", "{79857D26-3D7E-41ED-AA7E-8707A79A01A9}"
EndProject
Global
	GlobalSection(SolutionConfigurationPlatforms) = preSolution
		Debug|Any CPU = Debug|Any CPU
		Release|Any CPU = Release|Any CPU
	EndGlobalSection
	GlobalSection(ProjectConfigurationPlatforms) = postSolution
		{393DFAB7-7DA2-4D1C-BAFA-22EE68854CC1}.Debug|Any CPU.ActiveCfg = Debug|Any CPU
		{393DFAB7-7DA2-4D1C-BAFA-22EE68854CC1}.Debug|Any CPU.Build.0 = Debug|Any CPU
		{393DFAB7-7DA2-4D1C-BAFA-22EE68854CC1}.Release|Any CPU.ActiveCfg = Release|Any CPU
		{393DFAB7-7DA2-4D1C-BAFA-22EE68854CC1}.Release|Any CPU.Build.0 = Release|Any CPU
		{79857D26-3D7E-41ED-AA7E-8707A79A01A9}.Debug|Any CPU.ActiveCfg = Debug|Any CPU
		{79857D26-3D7E-41ED-AA7E-8707A79A01A9}.Debug|Any CPU.Build.0 = Debug|Any CPU
		{79857D26-3D7E-41ED-AA7E-8707A79A01A9}.Release|Any CPU.ActiveCfg = Release|Any CPU
		{79857D26-3D7E-41ED-AA7E-8707A79A01A9}.Release|Any CPU.Build.0 = Release|Any CPU
	EndGlobalSection
	GlobalSection(SolutionProperties) = preSolution
		HideSolutionNode = FALSE
	EndGlobalSection
	GlobalSection(ExtensibilityGlobals) = postSolution
		SolutionGuid = {F98BDAD2-3BAA-4FC2-8B7D-71D7B277506D}
	EndGlobalSection
EndGlobal
